{
  "name": "reactjs-web-project",
  "lockfileVersion": 3,
  "requires": true,
  "packages": {
    "": {
      "dependencies": {
        "fastbootstrap": "^2.2.0"
      }
    },
    "node_modules/@popperjs/core": {
      "version": "2.11.8",
      "resolved": "https://registry.npmjs.org/@popperjs/core/-/core-2.11.8.tgz",
      "integrity": "sha512-P1st0aksCrn9sGZhp8GMYwBnQsbvAWsZAX44oXNNvLHGqAOcoVxmjZiohstwQ7SqKnbR47akdNi+uleWD8+g6A==",
      "license": "MIT",
      "peer": true,
      "funding": {
        "type": "opencollective",
        "url": "https://opencollective.com/popperjs"
      }
    },
    "node_modules/@thednp/event-listener": {
      "version": "2.0.8",
      "resolved": "https://registry.npmjs.org/@thednp/event-listener/-/event-listener-2.0.8.tgz",
      "integrity": "sha512-bZY04sWSn2YWAqcuY/fYy03ynARYHwn8xzYgdqqcHBXsBXhOc+bbWwHyLwW28XAA2NjzjMPZZAM3N5D09i+zEQ==",
      "license": "MIT",
      "engines": {
        "node": ">=16",
        "pnpm": ">=8.6.0"
      }
    },
    "node_modules/@thednp/position-observer": {
      "version": "1.0.7",
      "resolved": "https://registry.npmjs.org/@thednp/position-observer/-/position-observer-1.0.7.tgz",
      "integrity": "sha512-MkUAMMgqZPxy71hpcrKr9ZtedMk+oIFbFs5B8uKD857iuYKRJxgJtC1Itus14EEM4qMyeN0x47AUZJmZJQyXbQ==",
      "license": "MIT",
      "dependencies": {
        "@thednp/shorty": "^2.0.10"
      },
      "engines": {
        "node": ">=16",
        "pnpm": ">=8.6.0"
      }
    },
    "node_modules/@thednp/shorty": {
      "version": "2.0.10",
      "resolved": "https://registry.npmjs.org/@thednp/shorty/-/shorty-2.0.10.tgz",
      "integrity": "sha512-H+hs1lw3Yc1NfwG0b7F7YmVjxQZ31NO2+6zx+I+9XabHxdwPKjvYJnkKKXr7bSItgm2AFrfOn5+3veB6W4iauw==",
      "license": "MIT",
      "engines": {
        "node": ">=16",
        "pnpm": ">=8.6.0"
      }
    },
    "node_modules/bootstrap": {
      "version": "5.3.3",
      "resolved": "https://registry.npmjs.org/bootstrap/-/bootstrap-5.3.3.tgz",
      "integrity": "sha512-8HLCdWgyoMguSO9o+aH+iuZ+aht+mzW0u3HIMzVu7Srrpv7EBBxTnrFlSCskwdY1+EOFQSm7uMJhNQHkdPcmjg==",
      "funding": [
        {
          "type": "github",
          "url": "https://github.com/sponsors/twbs"
        },
        {
          "type": "opencollective",
          "url": "https://opencollective.com/bootstrap"
        }
      ],
      "license": "MIT",
      "peerDependencies": {
        "@popperjs/core": "^2.11.8"
      }
    },
    "node_modules/bootstrap.native": {
      "version": "5.1.2",
      "resolved": "https://registry.npmjs.org/bootstrap.native/-/bootstrap.native-5.1.2.tgz",
      "integrity": "sha512-jkXzWs1EopckMT5FIc2CS9PsGloOfmHqyC4dHv3nVC5gpnOFoJPVDpUCKsoMta46SBh46g312BI3aWth0zkRDw==",
      "license": "MIT",
      "dependencies": {
        "@thednp/event-listener": "^2.0.8",
        "@thednp/position-observer": "^1.0.7",
        "@thednp/shorty": "^2.0.10"
      },
      "engines": {
        "node": ">=16",
        "pnpm": ">=8.6.0"
      }
    },
    "node_modules/fastbootstrap": {
      "version": "2.2.0",
      "resolved": "https://registry.npmjs.org/fastbootstrap/-/fastbootstrap-2.2.0.tgz",
      "integrity": "sha512-31bJ6OaNntrUSZB4BVlO8mBJB45d7A0AxHchvdJQjp9CCK6qGx3c+byjcDqXgExXkG2miL+NW97Q6K7SWwwGWg==",
      "license": "MIT",
      "dependencies": {
        "bootstrap": "^5.3.2",
        "bootstrap.native": "^5.0.11"
      }
    }
  }
}
